
Microsoft Visual Studio Solution File, Format Version 12.00
# Visual Studio Version 16
VisualStudioVersion = 16.0.29009.5
MinimumVisualStudioVersion = 15.0.26124.0
Project("{9A19103F-16F7-4668-BE54-9A1E7A4F7556}") = "GraphQLExample.Ui", "src\GraphQLExample.Ui\GraphQLExample.Ui.csproj", "{E74D9114-AE76-41E3-88A3-4CC5A917B14F}"
EndProject
Project("{9A19103F-16F7-4668-BE54-9A1E7A4F7556}") = "GraphQLExample.StarWars", "src\GraphQLExample.StarWars\GraphQLExample.StarWars.csproj", "{1340956F-8AB9-45E2-B832-0A0631B878B2}"
EndProject
Project("{FAE04EC0-301F-11D3-BF4B-00C04F79EFBC}") = "GraphQLExample.StarWars.Data", "src\GraphQLExample.StarWars.Data\GraphQLExample.StarWars.Data.csproj", "{330E4E8D-6D41-47AD-A79D-5E9CEDF63F7B}"
EndProject
Global
	GlobalSection(SolutionConfigurationPlatforms) = preSolution
		Debug|Any CPU = Debug|Any CPU
		Debug|x64 = Debug|x64
		Debug|x86 = Debug|x86
		Release|Any CPU = Release|Any CPU
		Release|x64 = Release|x64
		Release|x86 = Release|x86
	EndGlobalSection
	GlobalSection(ProjectConfigurationPlatforms) = postSolution
		{E74D9114-AE76-41E3-88A3-4CC5A917B14F}.Debug|Any CPU.ActiveCfg = Debug|Any CPU
		{E74D9114-AE76-41E3-88A3-4CC5A917B14F}.Debug|Any CPU.Build.0 = Debug|Any CPU
		{E74D9114-AE76-41E3-88A3-4CC5A917B14F}.Debug|x64.ActiveCfg = Debug|Any CPU
		{E74D9114-AE76-41E3-88A3-4CC5A917B14F}.Debug|x64.Build.0 = Debug|Any CPU
		{E74D9114-AE76-41E3-88A3-4CC5A917B14F}.Debug|x86.ActiveCfg = Debug|Any CPU
		{E74D9114-AE76-41E3-88A3-4CC5A917B14F}.Debug|x86.Build.0 = Debug|Any CPU
		{E74D9114-AE76-41E3-88A3-4CC5A917B14F}.Release|Any CPU.ActiveCfg = Release|Any CPU
		{E74D9114-AE76-41E3-88A3-4CC5A917B14F}.Release|Any CPU.Build.0 = Release|Any CPU
		{E74D9114-AE76-41E3-88A3-4CC5A917B14F}.Release|x64.ActiveCfg = Release|Any CPU
		{E74D9114-AE76-41E3-88A3-4CC5A917B14F}.Release|x64.Build.0 = Release|Any CPU
		{E74D9114-AE76-41E3-88A3-4CC5A917B14F}.Release|x86.ActiveCfg = Release|Any CPU
		{E74D9114-AE76-41E3-88A3-4CC5A917B14F}.Release|x86.Build.0 = Release|Any CPU
		{1340956F-8AB9-45E2-B832-0A0631B878B2}.Debug|Any CPU.ActiveCfg = Debug|Any CPU
		{1340956F-8AB9-45E2-B832-0A0631B878B2}.Debug|Any CPU.Build.0 = Debug|Any CPU
		{1340956F-8AB9-45E2-B832-0A0631B878B2}.Debug|x64.ActiveCfg = Debug|Any CPU
		{1340956F-8AB9-45E2-B832-0A0631B878B2}.Debug|x64.Build.0 = Debug|Any CPU
		{1340956F-8AB9-45E2-B832-0A0631B878B2}.Debug|x86.ActiveCfg = Debug|Any CPU
		{1340956F-8AB9-45E2-B832-0A0631B878B2}.Debug|x86.Build.0 = Debug|Any CPU
		{1340956F-8AB9-45E2-B832-0A0631B878B2}.Release|Any CPU.ActiveCfg = Release|Any CPU
		{1340956F-8AB9-45E2-B832-0A0631B878B2}.Release|Any CPU.Build.0 = Release|Any CPU
		{1340956F-8AB9-45E2-B832-0A0631B878B2}.Release|x64.ActiveCfg = Release|Any CPU
		{1340956F-8AB9-45E2-B832-0A0631B878B2}.Release|x64.Build.0 = Release|Any CPU
		{1340956F-8AB9-45E2-B832-0A0631B878B2}.Release|x86.ActiveCfg = Release|Any CPU
		{1340956F-8AB9-45E2-B832-0A0631B878B2}.Release|x86.Build.0 = Release|Any CPU
		{330E4E8D-6D41-47AD-A79D-5E9CEDF63F7B}.Debug|Any CPU.ActiveCfg = Debug|Any CPU
		{330E4E8D-6D41-47AD-A79D-5E9CEDF63F7B}.Debug|Any CPU.Build.0 = Debug|Any CPU
		{330E4E8D-6D41-47AD-A79D-5E9CEDF63F7B}.Debug|x64.ActiveCfg = Debug|Any CPU
		{330E4E8D-6D41-47AD-A79D-5E9CEDF63F7B}.Debug|x64.Build.0 = Debug|Any CPU
		{330E4E8D-6D41-47AD-A79D-5E9CEDF63F7B}.Debug|x86.ActiveCfg = Debug|Any CPU
		{330E4E8D-6D41-47AD-A79D-5E9CEDF63F7B}.Debug|x86.Build.0 = Debug|Any CPU
		{330E4E8D-6D41-47AD-A79D-5E9CEDF63F7B}.Release|Any CPU.ActiveCfg = Release|Any CPU
		{330E4E8D-6D41-47AD-A79D-5E9CEDF63F7B}.Release|Any CPU.Build.0 = Release|Any CPU
		{330E4E8D-6D41-47AD-A79D-5E9CEDF63F7B}.Release|x64.ActiveCfg = Release|Any CPU
		{330E4E8D-6D41-47AD-A79D-5E9CEDF63F7B}.Release|x64.Build.0 = Release|Any CPU
		{330E4E8D-6D41-47AD-A79D-5E9CEDF63F7B}.Release|x86.ActiveCfg = Release|Any CPU
		{330E4E8D-6D41-47AD-A79D-5E9CEDF63F7B}.Release|x86.Build.0 = Release|Any CPU
	EndGlobalSection
	GlobalSection(SolutionProperties) = preSolution
		HideSolutionNode = FALSE
	EndGlobalSection
	GlobalSection(ExtensibilityGlobals) = postSolution
		SolutionGuid = {6B42FA64-C848-4A6E-A4BF-E69E62277862}
	EndGlobalSection
EndGlobal
